github.com/benbjohnson/clock v1.1.0 h1:Q92kusRqC1XV2MjkWETPvjJVqKetz1OzxZB7mHJLju8=
github.com/davecgh/go-spew v1.1.0/go.mod h1:J7Y8YcW2NihsgmVo/mv3lAwl/skON4iLHjSsI+c5H38=
github.com/davecgh/go-spew v1.1.1 h1:vj9j/u1bqnvCEfJOwUhtlOARqs3+rkHYY13jYWTU97c=
github.com/davecgh/go-spew v1.1.1/go.mod h1:J7Y8YcW2NihsgmVo/mv3lAwl/skON4iLHjSsI+c5H38=
github.com/m4gshm/gollections v0.0.3 h1:py6uxoO8aD+Zp1FryRP0C+ZKyOEWyfItDY4IRpyvY9Q=
github.com/m4gshm/gollections v0.0.3/go.mod h1:Dhj1mum9gpNdfBqLQd1ymH7/RF3rnyr9rcnB5PLSDKo=
github.com/m4gshm/gollections v0.0.6 h1:S2IKCt5Ot9E3S70VapeOD90iNxgc98EU6Sj5qCmsUVk=
github.com/m4gshm/gollections v0.0.6/go.mod h1:PaKN6E8wY/5wy4cxMCeZ6PGxiqPIyc3hXk1cpSC59+0=
github.com/m4gshm/gollections v0.0.7-0.20230403230400-7790c38906f2 h1:wN2bXsbA2LrMjb0hOOtH4Z70bAmNUO6wSTKUutqnaoY=
github.com/m4gshm/gollections v0.0.7-0.20230403230400-7790c38906f2/go.mod h1:PaKN6E8wY/5wy4cxMCeZ6PGxiqPIyc3hXk1cpSC59+0=
github.com/m4gshm/gollections v0.0.7-0.20230404074342-4c2681aa7b70 h1:iWg1C6viiKT/TYHxCyvxAhoX5DmCO0hlBM8puhJlxUI=
github.com/m4gshm/gollections v0.0.7-0.20230404074342-4c2681aa7b70/go.mod h1:PaKN6E8wY/5wy4cxMCeZ6PGxiqPIyc3hXk1cpSC59+0=
github.com/m4gshm/gollections v0.0.7-0.20230408074627-980980172ec0 h1:9Sz0P9jraURDHcyZ7FDi0+XuBrbwPLh0blKHKBN0BIg=
github.com/m4gshm/gollections v0.0.7-0.20230408074627-980980172ec0/go.mod h1:PaKN6E8wY/5wy4cxMCeZ6PGxiqPIyc3hXk1cpSC59+0=
github.com/m4gshm/gollections v0.0.7-0.20230410071828-9e5b4a468ba3 h1:02tSRPrc23DRKUhGcJBb9fGDNwJ8LdStl/ldnNzzzak=
github.com/m4gshm/gollections v0.0.7-0.20230410071828-9e5b4a468ba3/go.mod h1:PaKN6E8wY/5wy4cxMCeZ6PGxiqPIyc3hXk1cpSC59+0=
github.com/m4gshm/gollections v0.0.7-0.20230410081017-fe07c866b8de h1:eTn4yVyGuts0yUrdwHVpNGTTQqX0anO48da7nOjUvdk=
github.com/m4gshm/gollections v0.0.7-0.20230410081017-fe07c866b8de/go.mod h1:PaKN6E8wY/5wy4cxMCeZ6PGxiqPIyc3hXk1cpSC59+0=
github.com/m4gshm/gollections v0.0.7-0.20230410082802-1c11bf0f4a56 h1:j5Y4bf9RZupTOCWEYvDAP5vb1IJ+7M6buG4QzawrrqM=
github.com/m4gshm/gollections v0.0.7-0.20230410082802-1c11bf0f4a56/go.mod h1:PaKN6E8wY/5wy4cxMCeZ6PGxiqPIyc3hXk1cpSC59+0=
github.com/m4gshm/gollections v0.0.7-0.20230410091928-6e559a8a4928 h1:VogDhs1JhBz8SPAb/iCN3NmS3iDQvBz1sqxB5VC2ERk=
github.com/m4gshm/gollections v0.0.7-0.20230410091928-6e559a8a4928/go.mod h1:PaKN6E8wY/5wy4cxMCeZ6PGxiqPIyc3hXk1cpSC59+0=
github.com/m4gshm/gollections v0.0.7-0.20230410102316-56567bf10eea h1:1z3AxvLAsXkB7dU8GsXgHot+yfzvAz4Kxp8k2kaJat8=
github.com/m4gshm/gollections v0.0.7-0.20230410102316-56567bf10eea/go.mod h1:PaKN6E8wY/5wy4cxMCeZ6PGxiqPIyc3hXk1cpSC59+0=
github.com/m4gshm/gollections v0.0.7-0.20230411082043-0d74c25d65e4 h1:akk5oVTmbsKbupWw0W6elSnuwJ3YJAvyRO46jYi4fLA=
github.com/m4gshm/gollections v0.0.7-0.20230411082043-0d74c25d65e4/go.mod h1:PaKN6E8wY/5wy4cxMCeZ6PGxiqPIyc3hXk1cpSC59+0=
github.com/m4gshm/gollections v0.0.7-0.20230412203317-979287784905 h1:2wfKXDx5NjsSgzZ1g04ySUZ/Tt1R9RkzoTx2rrbdLxk=
github.com/m4gshm/gollections v0.0.7-0.20230412203317-979287784905/go.mod h1:PaKN6E8wY/5wy4cxMCeZ6PGxiqPIyc3hXk1cpSC59+0=
github.com/m4gshm/gollections v0.0.7-0.20230417064952-5d97b1fe405f h1:MiwJ+HCbOLFZRDfFmozWLuE8AeR4pFVzFqAxIDo+4IU=
github.com/m4gshm/gollections v0.0.7-0.20230417064952-5d97b1fe405f/go.mod h1:PaKN6E8wY/5wy4cxMCeZ6PGxiqPIyc3hXk1cpSC59+0=
github.com/m4gshm/gollections v0.0.7-0.20230417071418-495e0a65c8e2 h1:Egkki9aVi5A6Yc80pFYBnrGRb6CED4h1rWrbwWxK2es=
github.com/m4gshm/gollections v0.0.7-0.20230417071418-495e0a65c8e2/go.mod h1:PaKN6E8wY/5wy4cxMCeZ6PGxiqPIyc3hXk1cpSC59+0=
github.com/m4gshm/gollections v0.0.7-0.20230417134539-a4c5f9b11831 h1:O6dbCDFnEr2EmsUR5FApUjB/E8l59dZehz1gh0T2BSQ=
github.com/m4gshm/gollections v0.0.7-0.20230417134539-a4c5f9b11831/go.mod h1:PaKN6E8wY/5wy4cxMCeZ6PGxiqPIyc3hXk1cpSC59+0=
github.com/m4gshm/gollections v0.0.7-0.20230417134825-bee280a82663 h1:J79xRUevzDjnXSPYWeSUnqfKofackTMPEmOQDlqtqPc=
github.com/m4gshm/gollections v0.0.7-0.20230417134825-bee280a82663/go.mod h1:PaKN6E8wY/5wy4cxMCeZ6PGxiqPIyc3hXk1cpSC59+0=
github.com/m4gshm/gollections v0.0.7-0.20230417175750-3a91d0a9ea90 h1:HE2+6eQ8OF9ZdA19iMxlf1K/qzUixjyEfP7t5lgjvjM=
github.com/m4gshm/gollections v0.0.7-0.20230417175750-3a91d0a9ea90/go.mod h1:PaKN6E8wY/5wy4cxMCeZ6PGxiqPIyc3hXk1cpSC59+0=
github.com/m4gshm/gollections v0.0.7-0.20230417182636-b8fa32c87707 h1:pFvMWEXytR83C/qvztgCDKc1mlSSty8GwSBJAmij0cw=
github.com/m4gshm/gollections v0.0.7-0.20230417182636-b8fa32c87707/go.mod h1:PaKN6E8wY/5wy4cxMCeZ6PGxiqPIyc3hXk1cpSC59+0=
github.com/m4gshm/gollections v0.0.7-0.20230417184836-44d888128e23 h1:p2Qk+vryBpnikDS5KISD6GocL3t3gbYX11g3dxYvaiI=
github.com/m4gshm/gollections v0.0.7-0.20230417184836-44d888128e23/go.mod h1:PaKN6E8wY/5wy4cxMCeZ6PGxiqPIyc3hXk1cpSC59+0=
github.com/m4gshm/gollections v0.0.7-0.20230417221539-b75bb4f4286d h1:UAziYH8jD7A56unJ0z4ePqYFPKE4dkrh7GtV6ICIMZE=
github.com/m4gshm/gollections v0.0.7-0.20230417221539-b75bb4f4286d/go.mod h1:PaKN6E8wY/5wy4cxMCeZ6PGxiqPIyc3hXk1cpSC59+0=
github.com/m4gshm/gollections v0.0.7-0.20230417230156-781c05399c9c h1:cwFb1MniuBxUTts9UE6aUxqHLzpeTnF39UYe8jgXksE=
github.com/m4gshm/gollections v0.0.7-0.20230417230156-781c05399c9c/go.mod h1:PaKN6E8wY/5wy4cxMCeZ6PGxiqPIyc3hXk1cpSC59+0=
github.com/m4gshm/gollections v0.0.7-0.20230418220320-e3b11fe24aaf h1:wni9csDOP/O4dHIniRCrkoqwR/V2y3MhlGSH0oaNpwQ=
github.com/m4gshm/gollections v0.0.7-0.20230418220320-e3b11fe24aaf/go.mod h1:PaKN6E8wY/5wy4cxMCeZ6PGxiqPIyc3hXk1cpSC59+0=
github.com/m4gshm/gollections v0.0.7-0.20230419094133-1a1b517143ef h1:i5WNmWjnZxMtI00VUwOIfbingqOE+yr2PA08SjUngfY=
github.com/m4gshm/gollections v0.0.7-0.20230419094133-1a1b517143ef/go.mod h1:PaKN6E8wY/5wy4cxMCeZ6PGxiqPIyc3hXk1cpSC59+0=
github.com/m4gshm/gollections v0.0.7-0.20230425215625-609b7af00128 h1:hECRzX3oP/Plf6PYKCzFKYyCOkbVz1VcSM9oxS9Lmcw=
github.com/m4gshm/gollections v0.0.7-0.20230425215625-609b7af00128/go.mod h1:L5RZjqkCVH55o5VjT+DZBDcWFzQoiQxQTYkqRzjry4s=
github.com/m4gshm/gollections v0.0.7-0.20230426094745-9e63fcb98231 h1:nQ3l52gwrHChOVKWj0k0MKzfWmdEICeFLchtpYEOhJc=
github.com/m4gshm/gollections v0.0.7-0.20230426094745-9e63fcb98231/go.mod h1:L5RZjqkCVH55o5VjT+DZBDcWFzQoiQxQTYkqRzjry4s=
github.com/m4gshm/gollections v0.0.7-0.20230426095250-8ea6043cb49b h1:/zr0ucRePVm0XcflQ51lJyzkFc0PBvfnrJc75GcMSE4=
github.com/m4gshm/gollections v0.0.7-0.20230426095250-8ea6043cb49b/go.mod h1:L5RZjqkCVH55o5VjT+DZBDcWFzQoiQxQTYkqRzjry4s=
github.com/m4gshm/gollections v0.0.7-0.20230426170102-30fa62214c76 h1:3MN+ra7MlZoKiJ5hkmteVq3SvvgzlHefUj7OpfrPRN4=
github.com/m4gshm/gollections v0.0.7-0.20230426170102-30fa62214c76/go.mod h1:L5RZjqkCVH55o5VjT+DZBDcWFzQoiQxQTYkqRzjry4s=
github.com/m4gshm/gollections v0.0.7-0.20230426194127-b6d633719f6b h1:bcb8fQ5sGbFEtly7SDcRnI8EHxUzpLsM4xV8u5AJSQs=
github.com/m4gshm/gollections v0.0.7-0.20230426194127-b6d633719f6b/go.mod h1:L5RZjqkCVH55o5VjT+DZBDcWFzQoiQxQTYkqRzjry4s=
github.com/m4gshm/gollections v0.0.7-0.20230426213212-b4b59b4f33a0 h1:iNqeDBLuAVdiBKZWLDr8xw8anUdeS22G/l/7YlG5bH4=
github.com/m4gshm/gollections v0.0.7-0.20230426213212-b4b59b4f33a0/go.mod h1:L5RZjqkCVH55o5VjT+DZBDcWFzQoiQxQTYkqRzjry4s=
github.com/m4gshm/gollections v0.0.7-0.20230427074204-3ce9b0869140 h1:H/utk8BgoOjKz3Cy0Vf/1gDxdLIiL9kJl6WmQgMfQdo=
github.com/m4gshm/gollections v0.0.7-0.20230427074204-3ce9b0869140/go.mod h1:L5RZjqkCVH55o5VjT+DZBDcWFzQoiQxQTYkqRzjry4s=
github.com/m4gshm/gollections v0.0.7-0.20230427090352-bf7ce7c262db h1:epAoRNYnCFs7Bh1QCbGJXgIgShzIaKN3dM14mpTXvDo=
github.com/m4gshm/gollections v0.0.7-0.20230427090352-bf7ce7c262db/go.mod h1:L5RZjqkCVH55o5VjT+DZBDcWFzQoiQxQTYkqRzjry4s=
github.com/m4gshm/gollections v0.0.7-0.20230427090606-6e5dda48e17e h1:SOEVnQwOeAVsaXnUboJ+X/oGJ2hCFNW9RQALoxjjGTQ=
github.com/m4gshm/gollections v0.0.7-0.20230427090606-6e5dda48e17e/go.mod h1:L5RZjqkCVH55o5VjT+DZBDcWFzQoiQxQTYkqRzjry4s=
github.com/m4gshm/gollections v0.0.7-0.20230427141430-2b76447d7a35 h1:+8pCjwHAYWvdWm4j8dK9Vb8x/vtxuLVRiZMUuuUzAvo=
github.com/m4gshm/gollections v0.0.7-0.20230427141430-2b76447d7a35/go.mod h1:L5RZjqkCVH55o5VjT+DZBDcWFzQoiQxQTYkqRzjry4s=
github.com/m4gshm/gollections v0.0.7-0.20230429212128-48078e8f757f h1:/kZGxe2IwGLuYfO3ovvcDiw/615hKbS1cZib2jT4sEw=
github.com/m4gshm/gollections v0.0.7-0.20230429212128-48078e8f757f/go.mod h1:L5RZjqkCVH55o5VjT+DZBDcWFzQoiQxQTYkqRzjry4s=
github.com/m4gshm/gollections v0.0.7-0.20230429224336-02b3edf33d4a h1:nI4JCUc/sJw3T1szIk78KiOQ5xhtQyqd6wO9fsmIG6M=
github.com/m4gshm/gollections v0.0.7-0.20230429224336-02b3edf33d4a/go.mod h1:L5RZjqkCVH55o5VjT+DZBDcWFzQoiQxQTYkqRzjry4s=
github.com/m4gshm/gollections v0.0.7-0.20230430202255-eecd21dccc08 h1:4Pw0m6HxNYr/zv/Tcyig4DzHysgOAqPGzwf3hahJqLE=
github.com/m4gshm/gollections v0.0.7-0.20230430202255-eecd21dccc08/go.mod h1:L5RZjqkCVH55o5VjT+DZBDcWFzQoiQxQTYkqRzjry4s=
github.com/m4gshm/gollections v0.0.7-0.20230504205907-e71736d2ae5e h1:va2k5b2093GEaE/h7h9MJDLDCI0mueh/oglj422314Y=
github.com/m4gshm/gollections v0.0.7-0.20230504205907-e71736d2ae5e/go.mod h1:TRYgTUE6ik68ZebsEtdEfB1wDVpvVDWPi90xHWrEZgg=
github.com/m4gshm/gollections v0.0.7-0.20230504214258-cbc5993c49f3 h1:xN3m8+NuR06m5GWUmj6cKEQYjdv+mJr3JIHVxWVIF5s=
github.com/m4gshm/gollections v0.0.7-0.20230504214258-cbc5993c49f3/go.mod h1:TRYgTUE6ik68ZebsEtdEfB1wDVpvVDWPi90xHWrEZgg=
github.com/m4gshm/gollections v0.0.7-0.20230504224211-f6500aa800c4 h1:CFtgmOLumicvhUFC6bt/t1PneASoErRvBmvc/V656Vk=
github.com/m4gshm/gollections v0.0.7-0.20230504224211-f6500aa800c4/go.mod h1:TRYgTUE6ik68ZebsEtdEfB1wDVpvVDWPi90xHWrEZgg=
github.com/m4gshm/gollections v0.0.7-0.20230505203820-78fd09f5b52e h1:BDNU2BcwVA+DRJR8x4ivN3ZE+4PlFM0TJZBtjROPa+0=
github.com/m4gshm/gollections v0.0.7-0.20230505203820-78fd09f5b52e/go.mod h1:TRYgTUE6ik68ZebsEtdEfB1wDVpvVDWPi90xHWrEZgg=
github.com/pkg/errors v0.9.1 h1:FEBLx1zS214owpjy7qsBeixbURkuhQAwrK5UwLGTwt4=
github.com/pkg/errors v0.9.1/go.mod h1:bwawxfHBFNV+L2hUp1rHADufV3IMtnDRdf1r5NINEl0=
github.com/pmezard/go-difflib v1.0.0 h1:4DBwDE0NGyQoBHbLQYPwSUPoCMWR5BEzIk/f1lZbAQM=
github.com/pmezard/go-difflib v1.0.0/go.mod h1:iKH77koFhYxTK1pcRnkKkqfTogsbg7gZNVY4sRDYZ/4=
github.com/stretchr/objx v0.1.0/go.mod h1:HFkY916IF+rwdDfMAkV7OtwuqBVzrE8GR6GFx+wExME=
github.com/stretchr/testify v1.3.0/go.mod h1:M5WIy9Dh21IEIfnGCwXGc5bZfKNJtfHm1UVUgZn+9EI=
github.com/stretchr/testify v1.7.0/go.mod h1:6Fq8oRcR53rry900zMqJjRRixrwX3KX962/h/Wwjteg=
github.com/stretchr/testify v1.8.0 h1:pSgiaMZlXftHpm5L7V1+rVB+AZJydKsMxsQBIJw4PKk=
go.uber.org/atomic v1.7.0/go.mod h1:fEN4uk6kAWBTFdckzkM89CLk9XfWZrxpCo0nPH17wJc=
go.uber.org/atomic v1.10.0 h1:9qC72Qh0+3MqyJbAn8YU5xVq1frD8bn3JtD2oXtafVQ=
go.uber.org/atomic v1.10.0/go.mod h1:LUxbIzbOniOlMKjJjyPfpl4v+PKK2cNJn91OQbhoJI0=
go.uber.org/goleak v1.1.11 h1:wy28qYRKZgnJTxGxvye5/wgWr1EKjmUDGYox5mGlRlI=
go.uber.org/multierr v1.8.0 h1:dg6GjLku4EH+249NNmoIciG9N/jURbDG+pFlTkhzIC8=
go.uber.org/multierr v1.8.0/go.mod h1:7EAYxJLBy9rStEaz58O2t4Uvip6FSURkq8/ppBp95ak=
go.uber.org/multierr v1.10.0 h1:S0h4aNzvfcFsC3dRF1jLoaov7oRaKqRGC/pUEJ2yvPQ=
go.uber.org/multierr v1.10.0/go.mod h1:20+QtiLqy0Nd6FdQB9TLXag12DsQkrbs3htMFfDN80Y=
go.uber.org/multierr v1.11.0 h1:blXXJkSxSSfBVBlC76pxqeO+LN3aDfLQo+309xJstO0=
go.uber.org/multierr v1.11.0/go.mod h1:20+QtiLqy0Nd6FdQB9TLXag12DsQkrbs3htMFfDN80Y=
go.uber.org/zap v1.24.0 h1:FiJd5l1UOLj0wCgbSE0rwwXHzEdAZS6hiiSnxJN/D60=
go.uber.org/zap v1.24.0/go.mod h1:2kMP+WWQ8aoFoedH3T2sq6iJ2yDWpHbP0f6MQbS9Gkg=
golang.org/x/exp v0.0.0-20221208152030-732eee02a75a h1:4iLhBPcpqFmylhnkbY3W0ONLUYYkDAW9xMFLfxgsvCw=
golang.org/x/exp v0.0.0-20221208152030-732eee02a75a/go.mod h1:CxIveKay+FTh1D0yPZemJVgC/95VzuuOLq5Qi4xnoYc=
golang.org/x/exp v0.0.0-20230315142452-642cacee5cc0 h1:pVgRXcIictcr+lBQIFeiwuwtDIs4eL21OuM9nyAADmo=
golang.org/x/exp v0.0.0-20230315142452-642cacee5cc0/go.mod h1:CxIveKay+FTh1D0yPZemJVgC/95VzuuOLq5Qi4xnoYc=
golang.org/x/exp v0.0.0-20230321023759-10a507213a29 h1:ooxPy7fPvB4kwsA2h+iBNHkAbp/4JxTSwCmvdjEYmug=
golang.org/x/exp v0.0.0-20230321023759-10a507213a29/go.mod h1:CxIveKay+FTh1D0yPZemJVgC/95VzuuOLq5Qi4xnoYc=
golang.org/x/exp v0.0.0-20230420155640-133eef4313cb/go.mod h1:V1LtkGg67GoY2N1AnLN78QLrzxkLyJw7RJb1gzOOz9w=
golang.org/x/exp v0.0.0-20230425010034-47ecfdc1ba53/go.mod h1:V1LtkGg67GoY2N1AnLN78QLrzxkLyJw7RJb1gzOOz9w=
golang.org/x/mod v0.7.0 h1:LapD9S96VoQRhi/GrNTqeBJFrUjs5UHCAtTlgwA5oZA=
golang.org/x/mod v0.7.0/go.mod h1:iBbtSCu2XBx23ZKBPSOrRkjjQPZFPuis4dIYUhu/chs=
golang.org/x/mod v0.9.0 h1:KENHtAZL2y3NLMYZeHY9DW8HW8V+kQyJsY/V9JlKvCs=
golang.org/x/mod v0.9.0/go.mod h1:iBbtSCu2XBx23ZKBPSOrRkjjQPZFPuis4dIYUhu/chs=
golang.org/x/mod v0.10.0 h1:lFO9qtOdlre5W1jxS3r/4szv2/6iXxScdzjoBMXNhYk=
golang.org/x/mod v0.10.0/go.mod h1:iBbtSCu2XBx23ZKBPSOrRkjjQPZFPuis4dIYUhu/chs=
golang.org/x/sync v0.1.0 h1:wsuoTGHzEhffawBOhz5CYhcrV4IdKZbEyZjBMuTp12o=
golang.org/x/sys v0.3.0 h1:w8ZOecv6NaNa/zC8944JTU3vz4u6Lagfk4RPQxv92NQ=
golang.org/x/sys v0.3.0/go.mod h1:oPkhp1MJrh7nUepCBck5+mAzfO9JrbApNNgaTdGDITg=
golang.org/x/sys v0.6.0 h1:MVltZSvRTcU2ljQOhs94SXPftV6DCNnZViHeQps87pQ=
golang.org/x/sys v0.6.0/go.mod h1:oPkhp1MJrh7nUepCBck5+mAzfO9JrbApNNgaTdGDITg=
golang.org/x/sys v0.7.0 h1:3jlCCIQZPdOYu1h8BkNvLz8Kgwtae2cagcG/VamtZRU=
golang.org/x/sys v0.7.0/go.mod h1:oPkhp1MJrh7nUepCBck5+mAzfO9JrbApNNgaTdGDITg=
golang.org/x/tools v0.4.0 h1:7mTAgkunk3fr4GAloyyCasadO6h9zSsQZbwvcaIciV4=
golang.org/x/tools v0.4.0/go.mod h1:UE5sM2OK9E/d67R0ANs2xJizIymRP5gJU295PvKXxjQ=
golang.org/x/tools v0.7.0 h1:W4OVu8VVOaIO0yzWMNdepAulS7YfoS3Zabrm8DOXXU4=
golang.org/x/tools v0.7.0/go.mod h1:4pg6aUX35JBAogB10C9AtvVL+qowtN4pT3CGSQex14s=
golang.org/x/tools v0.8.0 h1:vSDcovVPld282ceKgDimkRSC8kpaH1dgyc9UMzlt84Y=
golang.org/x/tools v0.8.0/go.mod h1:JxBZ99ISMI5ViVkT1tr6tdNmXeTrcpVSD3vZ1RsRdN4=
gopkg.in/check.v1 v0.0.0-20161208181325-20d25e280405/go.mod h1:Co6ibVJAznAaIkqp8huTwlJQCZ016jof/cbN4VW5Yz0=
gopkg.in/yaml.v3 v3.0.0-20200313102051-9f266ea9e77c/go.mod h1:K4uyk7z7BCEPqu6E+C64Yfv1cQ7kz7rIZviUmN+EgEM=
gopkg.in/yaml.v3 v3.0.0-20210107192922-496545a6307b/go.mod h1:K4uyk7z7BCEPqu6E+C64Yfv1cQ7kz7rIZviUmN+EgEM=
gopkg.in/yaml.v3 v3.0.1 h1:fxVm/GzAzEWqLHuvctI91KS9hhNmmWOoWu0XTYJS7CA=
